%{
  "earmark": {:hex, :earmark, "1.4.0", "397e750b879df18198afc66505ca87ecf6a96645545585899f6185178433cc09", [:mix], [], "hexpm", "4bedcec35de03b5f559fd2386be24d08f7637c374d3a85d3fe0911eecdae838a"},
  "elixir_make": {:hex, :elixir_make, "0.6.0", "38349f3e29aff4864352084fc736fa7fa0f2995a819a737554f7ebd28b85aaab", [:mix], [], "hexpm", "d522695b93b7f0b4c0fcb2dfe73a6b905b1c301226a5a55cb42e5b14d509e050"},
  "envy": {:hex, :envy, "1.1.1", "0bc9bd654dec24fcdf203f7c5aa1b8f30620f12cfb28c589d5e9c38fe1b07475", [:mix], [], "hexpm"},
  "ex_doc": {:hex, :ex_doc, "0.21.2", "caca5bc28ed7b3bdc0b662f8afe2bee1eedb5c3cf7b322feeeb7c6ebbde089d6", [:mix], [{:earmark, "~> 1.3.3 or ~> 1.4", [hex: :earmark, repo: "hexpm", optional: false]}, {:makeup_elixir, "~> 0.14", [hex: :makeup_elixir, repo: "hexpm", optional: false]}], "hexpm", "f1155337ae17ff7a1255217b4c1ceefcd1860b7ceb1a1874031e7a861b052e39"},
  "makeup": {:hex, :makeup, "1.0.0", "671df94cf5a594b739ce03b0d0316aa64312cee2574b6a44becb83cd90fb05dc", [:mix], [{:nimble_parsec, "~> 0.5.0", [hex: :nimble_parsec, repo: "hexpm", optional: false]}], "hexpm", "a10c6eb62cca416019663129699769f0c2ccf39428b3bb3c0cb38c718a0c186d"},
  "makeup_elixir": {:hex, :makeup_elixir, "0.14.0", "cf8b7c66ad1cff4c14679698d532f0b5d45a3968ffbcbfd590339cb57742f1ae", [:mix], [{:makeup, "~> 1.0", [hex: :makeup, repo: "hexpm", optional: false]}], "hexpm", "d4b316c7222a85bbaa2fd7c6e90e37e953257ad196dc229505137c5e505e9eff"},
  "nimble_parsec": {:hex, :nimble_parsec, "0.5.1", "c90796ecee0289dbb5ad16d3ad06f957b0cd1199769641c961cfe0b97db190e0", [:mix], [], "hexpm", "00e3ebdc821fb3a36957320d49e8f4bfa310d73ea31c90e5f925dc75e030da8f"},
  "poison": {:hex, :poison, "5.0.0", "d2b54589ab4157bbb82ec2050757779bfed724463a544b6e20d79855a9e43b24", [:mix], [{:decimal, "~> 2.0", [hex: :decimal, repo: "hexpm", optional: true]}], "hexpm", "11dc6117c501b80c62a7594f941d043982a1bd05a1184280c0d9166eb4d8d3fc"},
  "tdlib_json_cli": {:git, "https://github.com/PushSMS/tdlib-json-cli", "ad3300d1b7d327df7950e027ba670cd93ac30026", [submodules: true]},
}
